Microsoft Visual Studio Solution File, Format Version 10.00
# Visual Studio 2008
Project("{F184B08F-C81C-45F6-A57F-5ABD9991F28F}") = "InsertTemplateText", "InsertTemplateText\InsertTemplateText.vbproj", "{BD6EA5CE-D52E-4B19-8A6C-C895972BDAB9}"
EndProject
Global
	GlobalSection(SolutionConfigurationPlatforms) = preSolution
		Debug|Any CPU = Debug|Any CPU
		Release|Any CPU = Release|Any CPU
	EndGlobalSection
	GlobalSection(ProjectConfigurationPlatforms) = postSolution
		{BD6EA5CE-D52E-4B19-8A6C-C895972BDAB9}.Debug|Any CPU.ActiveCfg = Debug|Any CPU
		{BD6EA5CE-D52E-4B19-8A6C-C895972BDAB9}.Debug|Any CPU.Build.0 = Debug|Any CPU
		{BD6EA5CE-D52E-4B19-8A6C-C895972BDAB9}.Release|Any CPU.ActiveCfg = Release|Any CPU
		{BD6EA5CE-D52E-4B19-8A6C-C895972BDAB9}.Release|Any CPU.Build.0 = Release|Any CPU
	EndGlobalSection
	GlobalSection(SolutionProperties) = preSolution
		HideSolutionNode = FALSE
	EndGlobalSection
EndGlobal
